
Microsoft Visual Studio Solution File, Format Version 12.00
# Visual Studio Version 17
VisualStudioVersion = 17.7.34024.191
MinimumVisualStudioVersion = 10.0.40219.1
Project("{FAE04EC0-301F-11D3-BF4B-00C04F79EFBC}") = "ProfessionalTest", "ProfessionalTest\ProfessionalTest.csproj", "{F8AF9F27-7A9F-417F-B6D8-6352A3D7CD44}"
EndProject
Global
	GlobalSection(SolutionConfigurationPlatforms) = preSolution
		Debug|Any CPU = Debug|Any CPU
		Release|Any CPU = Release|Any CPU
	EndGlobalSection
	GlobalSection(ProjectConfigurationPlatforms) = postSolution
		{F8AF9F27-7A9F-417F-B6D8-6352A3D7CD44}.Debug|Any CPU.ActiveCfg = Debug|Any CPU
		{F8AF9F27-7A9F-417F-B6D8-6352A3D7CD44}.Debug|Any CPU.Build.0 = Debug|Any CPU
		{F8AF9F27-7A9F-417F-B6D8-6352A3D7CD44}.Release|Any CPU.ActiveCfg = Release|Any CPU
		{F8AF9F27-7A9F-417F-B6D8-6352A3D7CD44}.Release|Any CPU.Build.0 = Release|Any CPU
	EndGlobalSection
	GlobalSection(SolutionProperties) = preSolution
		HideSolutionNode = FALSE
	EndGlobalSection
	GlobalSection(ExtensibilityGlobals) = postSolution
		SolutionGuid = {4BE0023F-39FF-4101-B7D3-DA44F28D1A91}
	EndGlobalSection
EndGlobal
